
Microsoft Visual Studio Solution File, Format Version 12.00
# Visual Studio 15
VisualStudioVersion = 15.0.27130.2010
MinimumVisualStudioVersion = 10.0.40219.1
Project("{FAE04EC0-301F-11D3-BF4B-00C04F79EFBC}") = "Day1", "Day1\Day1.csproj", "{37B38A51-C4D7-4DE7-8A77-A9AA4E41202C}"
EndProject
Project("{FAE04EC0-301F-11D3-BF4B-00C04F79EFBC}") = "Day2", "Day2\Day2.csproj", "{AE7DB7B4-907D-4B42-AB36-F68DA0A050FB}"
EndProject
Project("{FAE04EC0-301F-11D3-BF4B-00C04F79EFBC}") = "Day3", "Day3\Day3.csproj", "{16931FE3-BF7A-483B-8610-2BF18B0DEA40}"
EndProject
Project("{FAE04EC0-301F-11D3-BF4B-00C04F79EFBC}") = "Day4", "Day4\Day4.csproj", "{366E2AA3-E134-4FED-8D07-0076AB81E4F0}"
EndProject
Project("{FAE04EC0-301F-11D3-BF4B-00C04F79EFBC}") = "Day5", "Day5\Day5.csproj", "{4A0260E7-4CE3-4CBD-822F-95ED12E3A81F}"
EndProject
Project("{FAE04EC0-301F-11D3-BF4B-00C04F79EFBC}") = "Day6", "Day6\Day6.csproj", "{A3E3293F-DEE5-48C2-9404-0B9EEF5B75AD}"
EndProject
Global
	GlobalSection(SolutionConfigurationPlatforms) = preSolution
		Debug|Any CPU = Debug|Any CPU
		Release|Any CPU = Release|Any CPU
	EndGlobalSection
	GlobalSection(ProjectConfigurationPlatforms) = postSolution
		{37B38A51-C4D7-4DE7-8A77-A9AA4E41202C}.Debug|Any CPU.ActiveCfg = Debug|Any CPU
		{37B38A51-C4D7-4DE7-8A77-A9AA4E41202C}.Debug|Any CPU.Build.0 = Debug|Any CPU
		{37B38A51-C4D7-4DE7-8A77-A9AA4E41202C}.Release|Any CPU.ActiveCfg = Release|Any CPU
		{37B38A51-C4D7-4DE7-8A77-A9AA4E41202C}.Release|Any CPU.Build.0 = Release|Any CPU
		{AE7DB7B4-907D-4B42-AB36-F68DA0A050FB}.Debug|Any CPU.ActiveCfg = Debug|Any CPU
		{AE7DB7B4-907D-4B42-AB36-F68DA0A050FB}.Debug|Any CPU.Build.0 = Debug|Any CPU
		{AE7DB7B4-907D-4B42-AB36-F68DA0A050FB}.Release|Any CPU.ActiveCfg = Release|Any CPU
		{AE7DB7B4-907D-4B42-AB36-F68DA0A050FB}.Release|Any CPU.Build.0 = Release|Any CPU
		{16931FE3-BF7A-483B-8610-2BF18B0DEA40}.Debug|Any CPU.ActiveCfg = Debug|Any CPU
		{16931FE3-BF7A-483B-8610-2BF18B0DEA40}.Debug|Any CPU.Build.0 = Debug|Any CPU
		{16931FE3-BF7A-483B-8610-2BF18B0DEA40}.Release|Any CPU.ActiveCfg = Release|Any CPU
		{16931FE3-BF7A-483B-8610-2BF18B0DEA40}.Release|Any CPU.Build.0 = Release|Any CPU
		{366E2AA3-E134-4FED-8D07-0076AB81E4F0}.Debug|Any CPU.ActiveCfg = Debug|Any CPU
		{366E2AA3-E134-4FED-8D07-0076AB81E4F0}.Debug|Any CPU.Build.0 = Debug|Any CPU
		{366E2AA3-E134-4FED-8D07-0076AB81E4F0}.Release|Any CPU.ActiveCfg = Release|Any CPU
		{366E2AA3-E134-4FED-8D07-0076AB81E4F0}.Release|Any CPU.Build.0 = Release|Any CPU
		{4A0260E7-4CE3-4CBD-822F-95ED12E3A81F}.Debug|Any CPU.ActiveCfg = Debug|Any CPU
		{4A0260E7-4CE3-4CBD-822F-95ED12E3A81F}.Debug|Any CPU.Build.0 = Debug|Any CPU
		{4A0260E7-4CE3-4CBD-822F-95ED12E3A81F}.Release|Any CPU.ActiveCfg = Release|Any CPU
		{4A0260E7-4CE3-4CBD-822F-95ED12E3A81F}.Release|Any CPU.Build.0 = Release|Any CPU
		{A3E3293F-DEE5-48C2-9404-0B9EEF5B75AD}.Debug|Any CPU.ActiveCfg = Debug|Any CPU
		{A3E3293F-DEE5-48C2-9404-0B9EEF5B75AD}.Debug|Any CPU.Build.0 = Debug|Any CPU
		{A3E3293F-DEE5-48C2-9404-0B9EEF5B75AD}.Release|Any CPU.ActiveCfg = Release|Any CPU
		{A3E3293F-DEE5-48C2-9404-0B9EEF5B75AD}.Release|Any CPU.Build.0 = Release|Any CPU
	EndGlobalSection
	GlobalSection(SolutionProperties) = preSolution
		HideSolutionNode = FALSE
	EndGlobalSection
	GlobalSection(ExtensibilityGlobals) = postSolution
		SolutionGuid = {4DEC99C0-97AD-4A7E-9509-0C36D4CE7FDC}
	EndGlobalSection
EndGlobal
